
Microsoft Visual Studio Solution File, Format Version 10.00
# Visual C# Express 2008
Project("{FAE04EC0-301F-11D3-BF4B-00C04F79EFBC}") = "SniperMPded", "SniperMPded\SniperMPded.csproj", "{58384C67-9F37-483D-9720-A38F1093F1F9}"
EndProject
Global
	GlobalSection(SolutionConfigurationPlatforms) = preSolution
		Debug|Any CPU = Debug|Any CPU
		Release|Any CPU = Release|Any CPU
	EndGlobalSection
	GlobalSection(ProjectConfigurationPlatforms) = postSolution
		{58384C67-9F37-483D-9720-A38F1093F1F9}.Debug|Any CPU.ActiveCfg = Debug|Any CPU
		{58384C67-9F37-483D-9720-A38F1093F1F9}.Debug|Any CPU.Build.0 = Debug|Any CPU
		{58384C67-9F37-483D-9720-A38F1093F1F9}.Release|Any CPU.ActiveCfg = Release|Any CPU
		{58384C67-9F37-483D-9720-A38F1093F1F9}.Release|Any CPU.Build.0 = Release|Any CPU
	EndGlobalSection
	GlobalSection(SolutionProperties) = preSolution
		HideSolutionNode = FALSE
	EndGlobalSection
EndGlobal
